{
  "name": "awesome-gf-polinomial-table-generator",
  "version": "1.0.0",
  "lockfileVersion": 1,
  "requires": true,
  "dependencies": {
    "array-to-csv": {
      "version": "1.0.1",
      "resolved": "https://registry.npmjs.org/array-to-csv/-/array-to-csv-1.0.1.tgz",
      "integrity": "sha1-fWI4g+PWqi+y7lSYrmrofgwDS3w="
    }
  }
}
